<?xml version="1.0" encoding="utf-8"?>
<Project ToolsVersion="4.0" xmlns="http://schemas.microsoft.com/developer/msbuild/2003">
  <ItemGroup>
    <ClCompile Include="Includes\Include\GLAD\glad.c">
      <Filter>GLAD</Filter>
    </ClCompile>
    <ClCompile Include="ImGui\imgui.cpp">
      <Filter>ImGui</Filter>
    </ClCompile>
    <ClCompile Include="ImGui\imgui_demo.cpp">
      <Filter>ImGui</Filter>
    </ClCompile>
    <ClCompile Include="ImGui\imgui_draw.cpp">
      <Filter>ImGui</Filter>
    </ClCompile>
    <ClCompile Include="ImGui\imgui_tables.cpp">
      <Filter>ImGui</Filter>
    </ClCompile>
    <ClCompile Include="ImGui\imgui_widgets.cpp">
      <Filter>ImGui</Filter>
    </ClCompile>
    <ClCompile Include="ImGui\imgui_impl_glfw.cpp">
      <Filter>ImGui</Filter>
    </ClCompile>
    <ClCompile Include="ImGui\imgui_impl_opengl3.cpp">
      <Filter>ImGui</Filter>
    </ClCompile>
    <ClCompile Include="Engine\Editor\EditorWindow\Editor.cpp">
      <Filter>src\Editor\Editor</Filter>
    </ClCompile>
    <ClCompile Include="Engine\Editor\Window\Window.cpp">
      <Filter>src\Editor\Window</Filter>
    </ClCompile>
    <ClCompile Include="Engine\Main\Main.cpp">
      <Filter>src\Editor</Filter>
    </ClCompile>
    <ClCompile Include="Engine\Editor\Panels\Profiler\Profiler.cpp">
      <Filter>src\Editor\Panels\Stats</Filter>
    </ClCompile>
    <ClCompile Include="Engine\Framework\Panels\PanelManager\PanelManager.cpp">
      <Filter>src\Framework\Panels\PanelManager</Filter>
    </ClCompile>
    <ClCompile Include="Engine\Editor\Panels\SceneViewport\SceneViewport.cpp">
      <Filter>src\Editor\Panels\SceneViewport</Filter>
    </ClCompile>
    <ClCompile Include="Engine\Framework\Graphics\ShaderProgram\ShaderProgram.cpp" />
    <ClCompile Include="Engine\Editor\Panels\GameViewport\GameViewport.cpp" />
    <ClCompile Include="Engine\Editor\Panels\MenuBar\Menubar.cpp" />
    <ClCompile Include="Engine\Editor\Panels\SceneHierarchy\SceneHeriarchy.cpp" />
    <ClCompile Include="Engine\Framework\ResourceManager\ResourceManager.cpp" />
    <ClCompile Include="Engine\Editor\Panels\Resources\Resources.cpp" />
    <ClCompile Include="Includes\Include\STB\stb_vorbis.c" />
    <ClCompile Include="Engine\Framework\Graphics\Renderer2D\Renderer2D.cpp" />
    <ClCompile Include="Engine\Editor\Panels\Inspector\Inspector.cpp" />
    <ClCompile Include="Engine\Framework\Graphics\Framebuffer\Framebuffer.cpp" />
    <ClCompile Include="Engine\Framework\Input\Input.cpp" />
    <ClCompile Include="Engine\Editor\Panels\Console\Console.cpp" />
  </ItemGroup>
  <ItemGroup>
    <ClInclude Include="ImGui\imconfig.h">
      <Filter>ImGui</Filter>
    </ClInclude>
    <ClInclude Include="ImGui\imgui.h">
      <Filter>ImGui</Filter>
    </ClInclude>
    <ClInclude Include="ImGui\imgui_internal.h">
      <Filter>ImGui</Filter>
    </ClInclude>
    <ClInclude Include="ImGui\imstb_rectpack.h">
      <Filter>ImGui</Filter>
    </ClInclude>
    <ClInclude Include="ImGui\imstb_textedit.h">
      <Filter>ImGui</Filter>
    </ClInclude>
    <ClInclude Include="ImGui\imstb_truetype.h">
      <Filter>ImGui</Filter>
    </ClInclude>
    <ClInclude Include="ImGui\imgui_impl_glfw.h">
      <Filter>ImGui</Filter>
    </ClInclude>
    <ClInclude Include="ImGui\imgui_impl_opengl3.h">
      <Filter>ImGui</Filter>
    </ClInclude>
    <ClInclude Include="ImGui\imgui_impl_opengl3_loader.h">
      <Filter>ImGui</Filter>
    </ClInclude>
    <ClInclude Include="Engine\Editor\EditorWindow\Editor.h">
      <Filter>src\Editor\Editor</Filter>
    </ClInclude>
    <ClInclude Include="Engine\Editor\Window\Window.h">
      <Filter>src\Editor\Window</Filter>
    </ClInclude>
    <ClInclude Include="Engine\Editor\Panels\Profiler\Profiler.h">
      <Filter>src\Editor\Panels\Stats</Filter>
    </ClInclude>
    <ClInclude Include="Engine\Framework\Panels\BasePanel\Panel.h">
      <Filter>src\Framework\Panels\BasePanel</Filter>
    </ClInclude>
    <ClInclude Include="Engine\Framework\Panels\PanelManager\PanelManager.h">
      <Filter>src\Framework\Panels\PanelManager</Filter>
    </ClInclude>
    <ClInclude Include="Engine\Editor\Panels\SceneViewport\SceneViewport.h">
      <Filter>src\Editor\Panels\SceneViewport</Filter>
    </ClInclude>
    <ClInclude Include="Engine\Framework\Graphics\ShaderProgram\ShaderProgram.h" />
    <ClInclude Include="Engine\Editor\Panels\GameViewport\GameViewport.h" />
    <ClInclude Include="Engine\Editor\Panels\MenuBar\Menubar.h" />
    <ClInclude Include="Engine\Editor\Panels\SceneHierarchy\SceneHierarchy.h" />
    <ClInclude Include="Engine\Framework\Timer\Timer.h" />
    <ClInclude Include="Includes\Include\GLM\common.hpp" />
    <ClInclude Include="Includes\Include\GLM\exponential.hpp" />
    <ClInclude Include="Includes\Include\GLM\ext.hpp" />
    <ClInclude Include="Includes\Include\GLM\fwd.hpp" />
    <ClInclude Include="Includes\Include\GLM\geometric.hpp" />
    <ClInclude Include="Includes\Include\GLM\glm.hpp" />
    <ClInclude Include="Includes\Include\GLM\integer.hpp" />
    <ClInclude Include="Includes\Include\GLM\mat2x2.hpp" />
    <ClInclude Include="Includes\Include\GLM\mat2x3.hpp" />
    <ClInclude Include="Includes\Include\GLM\mat2x4.hpp" />
    <ClInclude Include="Includes\Include\GLM\mat3x2.hpp" />
    <ClInclude Include="Includes\Include\GLM\mat3x3.hpp" />
    <ClInclude Include="Includes\Include\GLM\mat3x4.hpp" />
    <ClInclude Include="Includes\Include\GLM\mat4x2.hpp" />
    <ClInclude Include="Includes\Include\GLM\mat4x3.hpp" />
    <ClInclude Include="Includes\Include\GLM\mat4x4.hpp" />
    <ClInclude Include="Includes\Include\GLM\matrix.hpp" />
    <ClInclude Include="Includes\Include\GLM\packing.hpp" />
    <ClInclude Include="Includes\Include\GLM\trigonometric.hpp" />
    <ClInclude Include="Includes\Include\GLM\vec2.hpp" />
    <ClInclude Include="Includes\Include\GLM\vec3.hpp" />
    <ClInclude Include="Includes\Include\GLM\vec4.hpp" />
    <ClInclude Include="Includes\Include\GLM\vector_relational.hpp" />
    <ClInclude Include="Engine\Framework\ResourceManager\ResourceManager.h" />
    <ClInclude Include="Engine\Editor\Panels\Resources\Resources.h" />
    <ClInclude Include="Includes\Include\STB\stb_image.h" />
    <ClInclude Include="Includes\Include\STB\stb_c_lexer.h" />
    <ClInclude Include="Includes\Include\STB\stb_connected_components.h" />
    <ClInclude Include="Includes\Include\STB\stb_divide.h" />
    <ClInclude Include="Includes\Include\STB\stb_ds.h" />
    <ClInclude Include="Includes\Include\STB\stb_dxt.h" />
    <ClInclude Include="Includes\Include\STB\stb_easy_font.h" />
    <ClInclude Include="Includes\Include\STB\stb_herringbone_wang_tile.h" />
    <ClInclude Include="Includes\Include\STB\stb_hexwave.h" />
    <ClInclude Include="Includes\Include\STB\stb_image_resize.h" />
    <ClInclude Include="Includes\Include\STB\stb_image_write.h" />
    <ClInclude Include="Includes\Include\STB\stb_include.h" />
    <ClInclude Include="Includes\Include\STB\stb_leakcheck.h" />
    <ClInclude Include="Includes\Include\STB\stb_rect_pack.h" />
    <ClInclude Include="Includes\Include\STB\stb_sprintf.h" />
    <ClInclude Include="Includes\Include\STB\stb_textedit.h" />
    <ClInclude Include="Includes\Include\STB\stb_tilemap_editor.h" />
    <ClInclude Include="Includes\Include\STB\stb_truetype.h" />
    <ClInclude Include="Includes\Include\STB\stb_voxel_render.h" />
    <ClInclude Include="Engine\Framework\Graphics\Renderer2D\Renderer2D.h" />
    <ClInclude Include="Engine\Framework\Graphics\Shape2D\Shape2D.h" />
    <ClInclude Include="Engine\Editor\Panels\Inspector\Inspector.h" />
    <ClInclude Include="Engine\Framework\Graphics\Framebuffer\Framebuffer.h" />
    <ClInclude Include="Engine\Framework\Input\Input.h" />
    <ClInclude Include="Engine\Framework\ECS\Components\Components.h" />
    <ClInclude Include="Engine\Framework\ECS\Entity\Entity.h" />
    <ClInclude Include="Engine\Framework\Layers\BaseLayer\BaseLayer.h" />
    <ClInclude Include="Engine\Framework\Layers\InputLayer\InputLayer.h" />
    <ClInclude Include="Engine\Editor\Panels\Console\Console.h" />
    <ClInclude Include="Engine\Framework\TestScene\TestScene.h" />
  </ItemGroup>
  <ItemGroup>
    <Filter Include="ImGui">
      <UniqueIdentifier>{ef2a7524-d3cb-4321-920a-beeaf21166f7}</UniqueIdentifier>
    </Filter>
    <Filter Include="GLAD">
      <UniqueIdentifier>{1223c37e-cfdd-47f0-be05-2f09a3176e6f}</UniqueIdentifier>
    </Filter>
    <Filter Include="src">
      <UniqueIdentifier>{fc356de0-5151-4017-8287-19e84df2ea89}</UniqueIdentifier>
    </Filter>
    <Filter Include="src\Editor">
      <UniqueIdentifier>{73292be1-b8b3-49ce-bbc3-861b99dfd7e7}</UniqueIdentifier>
    </Filter>
    <Filter Include="src\Editor\Window">
      <UniqueIdentifier>{d281ac9b-fddf-4e8a-910f-3683f44b67b5}</UniqueIdentifier>
    </Filter>
    <Filter Include="src\Editor\Editor">
      <UniqueIdentifier>{7338ee2b-b554-44e7-8b90-bb958c0f941c}</UniqueIdentifier>
    </Filter>
    <Filter Include="src\Editor\Panels">
      <UniqueIdentifier>{bc3f178f-38f4-4005-a741-93d09fda12ec}</UniqueIdentifier>
    </Filter>
    <Filter Include="src\Editor\Panels\Stats">
      <UniqueIdentifier>{45c41fd0-ff30-4ffb-bc0e-fdb2dcf06c9e}</UniqueIdentifier>
    </Filter>
    <Filter Include="src\Editor\Panels\SceneViewport">
      <UniqueIdentifier>{4936abb3-4d0d-4548-a84d-4a2cf1dd1b30}</UniqueIdentifier>
    </Filter>
    <Filter Include="src\Framework">
      <UniqueIdentifier>{96ca6046-c4ae-4643-92da-625aaaeea610}</UniqueIdentifier>
    </Filter>
    <Filter Include="src\Framework\Panels">
      <UniqueIdentifier>{48fbdd89-6c49-43eb-b603-553e301b4bcb}</UniqueIdentifier>
    </Filter>
    <Filter Include="src\Framework\Panels\BasePanel">
      <UniqueIdentifier>{05c21ba8-f220-4642-90f0-5a031a06f7f4}</UniqueIdentifier>
    </Filter>
    <Filter Include="src\Framework\Panels\PanelManager">
      <UniqueIdentifier>{22f4cb3b-c089-4c0e-95d2-e7eb8c36f7fb}</UniqueIdentifier>
    </Filter>
    <Filter Include="src\Framework\Scene">
      <UniqueIdentifier>{cdf15cb6-3add-407b-a065-15a2e7465e98}</UniqueIdentifier>
    </Filter>
    <Filter Include="src\Framework\Shaders">
      <UniqueIdentifier>{c4e75556-a042-41e5-b2d1-971c7e40b656}</UniqueIdentifier>
    </Filter>
  </ItemGroup>
  <ItemGroup>
    <None Include="Engine\Framework\Graphics\Shaders\Basic\VertexShader.vert">
      <Filter>src\Framework\Shaders</Filter>
    </None>
    <None Include="Engine\Framework\Graphics\Shaders\Basic\FragmentShader.frag">
      <Filter>src\Framework\Shaders</Filter>
    </None>
  </ItemGroup>
  <ItemGroup>
    <Text Include="Includes\Include\GLM\CMakeLists.txt" />
    <Text Include="ToDo.txt" />
  </ItemGroup>
</Project>